
Microsoft Visual Studio Solution File, Format Version 12.00
# Visual Studio Version 16
VisualStudioVersion = 16.0.31729.503
MinimumVisualStudioVersion = 10.0.40219.1
Project("{FAE04EC0-301F-11D3-BF4B-00C04F79EFBC}") = "SSCommunication", "SSCommunication\SSCommunication.csproj", "{6B699F49-6FDB-4AA2-82AF-4908A09708EB}"
EndProject
Global
	GlobalSection(SolutionConfigurationPlatforms) = preSolution
		Debug|Any CPU = Debug|Any CPU
		Release|Any CPU = Release|Any CPU
	EndGlobalSection
	GlobalSection(ProjectConfigurationPlatforms) = postSolution
		{6B699F49-6FDB-4AA2-82AF-4908A09708EB}.Debug|Any CPU.ActiveCfg = Debug|Any CPU
		{6B699F49-6FDB-4AA2-82AF-4908A09708EB}.Debug|Any CPU.Build.0 = Debug|Any CPU
		{6B699F49-6FDB-4AA2-82AF-4908A09708EB}.Release|Any CPU.ActiveCfg = Release|Any CPU
		{6B699F49-6FDB-4AA2-82AF-4908A09708EB}.Release|Any CPU.Build.0 = Release|Any CPU
	EndGlobalSection
	GlobalSection(SolutionProperties) = preSolution
		HideSolutionNode = FALSE
	EndGlobalSection
	GlobalSection(ExtensibilityGlobals) = postSolution
		SolutionGuid = {68D1569E-6C02-4D0C-B0A9-E9D264308C78}
	EndGlobalSection
EndGlobal
